{
  "nodes": {
    "crane": {
      "inputs": {
        "nixpkgs": [
          "helix-editor",
          "nixpkgs"
        ]
      },
      "locked": {
        "lastModified": 1709610799,
        "narHash": "sha256-5jfLQx0U9hXbi2skYMGodDJkIgffrjIOgMRjZqms2QE=",
        "owner": "ipetkov",
        "repo": "crane",
        "rev": "81c393c776d5379c030607866afef6406ca1be57",
        "type": "github"
      },
      "original": {
        "owner": "ipetkov",
        "repo": "crane",
        "type": "github"
      }
    },
    "deploy": {
      "inputs": {
        "flake-compat": "flake-compat",
        "nixpkgs": [
          "nixpkgs"
        ],
        "utils": "utils"
      },
      "locked": {
        "lastModified": 1718194053,
        "narHash": "sha256-FaGrf7qwZ99ehPJCAwgvNY5sLCqQ3GDiE/6uLhxxwSY=",
        "owner": "serokell",
        "repo": "deploy-rs",
        "rev": "3867348fa92bc892eba5d9ddb2d7a97b9e127a8a",
        "type": "github"
      },
      "original": {
        "owner": "serokell",
        "repo": "deploy-rs",
        "type": "github"
      }
    },
    "devshell": {
      "inputs": {
        "flake-utils": "flake-utils_5",
        "nixpkgs": [
          "nixvim-stable",
          "nixpkgs"
        ]
      },
      "locked": {
        "lastModified": 1717408969,
        "narHash": "sha256-Q0OEFqe35fZbbRPPRdrjTUUChKVhhWXz3T9ZSKmaoVY=",
        "owner": "numtide",
        "repo": "devshell",
        "rev": "1ebbe68d57457c8cae98145410b164b5477761f4",
        "type": "github"
      },
      "original": {
        "owner": "numtide",
        "repo": "devshell",
        "type": "github"
      }
    },
    "devshell_2": {
      "inputs": {
        "flake-utils": "flake-utils_6",
        "nixpkgs": [
          "nixvim-unstable",
          "nixpkgs"
        ]
      },
      "locked": {
        "lastModified": 1717408969,
        "narHash": "sha256-Q0OEFqe35fZbbRPPRdrjTUUChKVhhWXz3T9ZSKmaoVY=",
        "owner": "numtide",
        "repo": "devshell",
        "rev": "1ebbe68d57457c8cae98145410b164b5477761f4",
        "type": "github"
      },
      "original": {
        "owner": "numtide",
        "repo": "devshell",
        "type": "github"
      }
    },
    "disko": {
      "inputs": {
        "nixpkgs": [
          "nixpkgs"
        ]
      },
      "locked": {
        "lastModified": 1721007199,
        "narHash": "sha256-Gof4Lj1rgTrX59bNu5b/uS/3X/marUGM7LYw31NoXEA=",
        "owner": "nix-community",
        "repo": "disko",
        "rev": "bad376945de7033c7adc424c02054ea3736cf7c4",
        "type": "github"
      },
      "original": {
        "owner": "nix-community",
        "repo": "disko",
        "type": "github"
      }
    },
    "emacs-overlay": {
      "inputs": {
        "flake-utils": "flake-utils",
        "nixpkgs": [
          "nixpkgs"
        ],
        "nixpkgs-stable": "nixpkgs-stable"
      },
      "locked": {
        "lastModified": 1721063376,
        "narHash": "sha256-di+YqstcANGipdJP+lQ/vPOlB+UIFNSZjg6rlpMOyFs=",
        "owner": "nix-community",
        "repo": "emacs-overlay",
        "rev": "7c521a93160b3f3deb2325ba5485eabaecc76100",
        "type": "github"
      },
      "original": {
        "owner": "nix-community",
        "repo": "emacs-overlay",
        "type": "github"
      }
    },
    "flake-compat": {
      "flake": false,
      "locked": {
        "lastModified": 1696426674,
        "narHash": "sha256-kvjfFW7WAETZlt09AgDn1MrtKzP7t90Vf7vypd3OL1U=",
        "owner": "edolstra",
        "repo": "flake-compat",
        "rev": "0f9255e01c2351cc7d116c072cb317785dd33b33",
        "type": "github"
      },
      "original": {
        "owner": "edolstra",
        "repo": "flake-compat",
        "type": "github"
      }
    },
    "flake-compat-fds": {
      "locked": {
        "lastModified": 1696426674,
        "narHash": "sha256-kvjfFW7WAETZlt09AgDn1MrtKzP7t90Vf7vypd3OL1U=",
        "rev": "0f9255e01c2351cc7d116c072cb317785dd33b33",
        "revCount": 57,
        "type": "tarball",
        "url": "https://api.flakehub.com/f/pinned/edolstra/flake-compat/1.0.1/018afb31-abd1-7bff-a5e4-cff7e18efb7a/source.tar.gz"
      },
      "original": {
        "type": "tarball",
        "url": "https://flakehub.com/f/edolstra/flake-compat/1.tar.gz"
      }
    },
    "flake-compat_2": {
      "flake": false,
      "locked": {
        "lastModified": 1696426674,
        "narHash": "sha256-kvjfFW7WAETZlt09AgDn1MrtKzP7t90Vf7vypd3OL1U=",
        "owner": "edolstra",
        "repo": "flake-compat",
        "rev": "0f9255e01c2351cc7d116c072cb317785dd33b33",
        "type": "github"
      },
      "original": {
        "owner": "edolstra",
        "repo": "flake-compat",
        "type": "github"
      }
    },
    "flake-compat_3": {
      "flake": false,
      "locked": {
        "lastModified": 1696426674,
        "narHash": "sha256-kvjfFW7WAETZlt09AgDn1MrtKzP7t90Vf7vypd3OL1U=",
        "owner": "edolstra",
        "repo": "flake-compat",
        "rev": "0f9255e01c2351cc7d116c072cb317785dd33b33",
        "type": "github"
      },
      "original": {
        "owner": "edolstra",
        "repo": "flake-compat",
        "type": "github"
      }
    },
    "flake-compat_4": {
      "flake": false,
      "locked": {
        "lastModified": 1696426674,
        "narHash": "sha256-kvjfFW7WAETZlt09AgDn1MrtKzP7t90Vf7vypd3OL1U=",
        "owner": "edolstra",
        "repo": "flake-compat",
        "rev": "0f9255e01c2351cc7d116c072cb317785dd33b33",
        "type": "github"
      },
      "original": {
        "owner": "edolstra",
        "repo": "flake-compat",
        "type": "github"
      }
    },
    "flake-compat_5": {
      "locked": {
        "lastModified": 1696426674,
        "narHash": "sha256-kvjfFW7WAETZlt09AgDn1MrtKzP7t90Vf7vypd3OL1U=",
        "rev": "0f9255e01c2351cc7d116c072cb317785dd33b33",
        "revCount": 57,
        "type": "tarball",
        "url": "https://api.flakehub.com/f/pinned/edolstra/flake-compat/1.0.1/018afb31-abd1-7bff-a5e4-cff7e18efb7a/source.tar.gz"
      },
      "original": {
        "type": "tarball",
        "url": "https://flakehub.com/f/edolstra/flake-compat/1.tar.gz"
      }
    },
    "flake-compat_6": {
      "flake": false,
      "locked": {
        "lastModified": 1696426674,
        "narHash": "sha256-kvjfFW7WAETZlt09AgDn1MrtKzP7t90Vf7vypd3OL1U=",
        "owner": "edolstra",
        "repo": "flake-compat",
        "rev": "0f9255e01c2351cc7d116c072cb317785dd33b33",
        "type": "github"
      },
      "original": {
        "owner": "edolstra",
        "repo": "flake-compat",
        "type": "github"
      }
    },
    "flake-compat_7": {
      "locked": {
        "lastModified": 1696426674,
        "narHash": "sha256-kvjfFW7WAETZlt09AgDn1MrtKzP7t90Vf7vypd3OL1U=",
        "rev": "0f9255e01c2351cc7d116c072cb317785dd33b33",
        "revCount": 57,
        "type": "tarball",
        "url": "https://api.flakehub.com/f/pinned/edolstra/flake-compat/1.0.1/018afb31-abd1-7bff-a5e4-cff7e18efb7a/source.tar.gz"
      },
      "original": {
        "type": "tarball",
        "url": "https://flakehub.com/f/edolstra/flake-compat/1.tar.gz"
      }
    },
    "flake-parts": {
      "inputs": {
        "nixpkgs-lib": "nixpkgs-lib"
      },
      "locked": {
        "lastModified": 1719994518,
        "narHash": "sha256-pQMhCCHyQGRzdfAkdJ4cIWiw+JNuWsTX7f0ZYSyz0VY=",
        "owner": "hercules-ci",
        "repo": "flake-parts",
        "rev": "9227223f6d922fee3c7b190b2cc238a99527bbb7",
        "type": "github"
      },
      "original": {
        "owner": "hercules-ci",
        "repo": "flake-parts",
        "type": "github"
      }
    },
    "flake-parts_2": {
      "inputs": {
        "nixpkgs-lib": [
          "neovim-nightly-overlay",
          "nixpkgs"
        ]
      },
      "locked": {
        "lastModified": 1719994518,
        "narHash": "sha256-pQMhCCHyQGRzdfAkdJ4cIWiw+JNuWsTX7f0ZYSyz0VY=",
        "owner": "hercules-ci",
        "repo": "flake-parts",
        "rev": "9227223f6d922fee3c7b190b2cc238a99527bbb7",
        "type": "github"
      },
      "original": {
        "owner": "hercules-ci",
        "repo": "flake-parts",
        "type": "github"
      }
    },
    "flake-parts_3": {
      "inputs": {
        "nixpkgs-lib": [
          "neovim-nightly-overlay",
          "hercules-ci-effects",
          "nixpkgs"
        ]
      },
      "locked": {
        "lastModified": 1712014858,
        "narHash": "sha256-sB4SWl2lX95bExY2gMFG5HIzvva5AVMJd4Igm+GpZNw=",
        "owner": "hercules-ci",
        "repo": "flake-parts",
        "rev": "9126214d0a59633752a136528f5f3b9aa8565b7d",
        "type": "github"
      },
      "original": {
        "id": "flake-parts",
        "type": "indirect"
      }
    },
    "flake-parts_4": {
      "inputs": {
        "nixpkgs-lib": [
          "nixvim-stable",
          "nixpkgs"
        ]
      },
      "locked": {
        "lastModified": 1719994518,
        "narHash": "sha256-pQMhCCHyQGRzdfAkdJ4cIWiw+JNuWsTX7f0ZYSyz0VY=",
        "owner": "hercules-ci",
        "repo": "flake-parts",
        "rev": "9227223f6d922fee3c7b190b2cc238a99527bbb7",
        "type": "github"
      },
      "original": {
        "owner": "hercules-ci",
        "repo": "flake-parts",
        "type": "github"
      }
    },
    "flake-parts_5": {
      "inputs": {
        "nixpkgs-lib": [
          "nixvim-unstable",
          "nixpkgs"
        ]
      },
      "locked": {
        "lastModified": 1719994518,
        "narHash": "sha256-pQMhCCHyQGRzdfAkdJ4cIWiw+JNuWsTX7f0ZYSyz0VY=",
        "owner": "hercules-ci",
        "repo": "flake-parts",
        "rev": "9227223f6d922fee3c7b190b2cc238a99527bbb7",
        "type": "github"
      },
      "original": {
        "owner": "hercules-ci",
        "repo": "flake-parts",
        "type": "github"
      }
    },
    "flake-utils": {
      "inputs": {
        "systems": "systems_2"
      },
      "locked": {
        "lastModified": 1710146030,
        "narHash": "sha256-SZ5L6eA7HJ/nmkzGG7/ISclqe6oZdOZTNoesiInkXPQ=",
        "owner": "numtide",
        "repo": "flake-utils",
        "rev": "b1d9ab70662946ef0850d488da1c9019f3a9752a",
        "type": "github"
      },
      "original": {
        "owner": "numtide",
        "repo": "flake-utils",
        "type": "github"
      }
    },
    "flake-utils_2": {
      "inputs": {
        "systems": "systems_3"
      },
      "locked": {
        "lastModified": 1710146030,
        "narHash": "sha256-SZ5L6eA7HJ/nmkzGG7/ISclqe6oZdOZTNoesiInkXPQ=",
        "owner": "numtide",
        "repo": "flake-utils",
        "rev": "b1d9ab70662946ef0850d488da1c9019f3a9752a",
        "type": "github"
      },
      "original": {
        "owner": "numtide",
        "repo": "flake-utils",
        "type": "github"
      }
    },
    "flake-utils_3": {
      "inputs": {
        "systems": "systems_4"
      },
      "locked": {
        "lastModified": 1709126324,
        "narHash": "sha256-q6EQdSeUZOG26WelxqkmR7kArjgWCdw5sfJVHPH/7j8=",
        "owner": "numtide",
        "repo": "flake-utils",
        "rev": "d465f4819400de7c8d874d50b982301f28a84605",
        "type": "github"
      },
      "original": {
        "owner": "numtide",
        "repo": "flake-utils",
        "type": "github"
      }
    },
    "flake-utils_4": {
      "inputs": {
        "systems": "systems_5"
      },
      "locked": {
        "lastModified": 1710146030,
        "narHash": "sha256-SZ5L6eA7HJ/nmkzGG7/ISclqe6oZdOZTNoesiInkXPQ=",
        "owner": "numtide",
        "repo": "flake-utils",
        "rev": "b1d9ab70662946ef0850d488da1c9019f3a9752a",
        "type": "github"
      },
      "original": {
        "owner": "numtide",
        "repo": "flake-utils",
        "type": "github"
      }
    },
    "flake-utils_5": {
      "inputs": {
        "systems": "systems_6"
      },
      "locked": {
        "lastModified": 1701680307,
        "narHash": "sha256-kAuep2h5ajznlPMD9rnQyffWG8EM/C73lejGofXvdM8=",
        "owner": "numtide",
        "repo": "flake-utils",
        "rev": "4022d587cbbfd70fe950c1e2083a02621806a725",
        "type": "github"
      },
      "original": {
        "owner": "numtide",
        "repo": "flake-utils",
        "type": "github"
      }
    },
    "flake-utils_6": {
      "inputs": {
        "systems": "systems_7"
      },
      "locked": {
        "lastModified": 1701680307,
        "narHash": "sha256-kAuep2h5ajznlPMD9rnQyffWG8EM/C73lejGofXvdM8=",
        "owner": "numtide",
        "repo": "flake-utils",
        "rev": "4022d587cbbfd70fe950c1e2083a02621806a725",
        "type": "github"
      },
      "original": {
        "owner": "numtide",
        "repo": "flake-utils",
        "type": "github"
      }
    },
    "git-hooks": {
      "inputs": {
        "flake-compat": "flake-compat_3",
        "gitignore": "gitignore",
        "nixpkgs": [
          "neovim-nightly-overlay",
          "nixpkgs"
        ],
        "nixpkgs-stable": [
          "neovim-nightly-overlay",
          "nixpkgs"
        ]
      },
      "locked": {
        "lastModified": 1720524665,
        "narHash": "sha256-ni/87oHPZm6Gv0ECYxr1f6uxB0UKBWJ6HvS7lwLU6oY=",
        "owner": "cachix",
        "repo": "git-hooks.nix",
        "rev": "8d6a17d0cdf411c55f12602624df6368ad86fac1",
        "type": "github"
      },
      "original": {
        "owner": "cachix",
        "repo": "git-hooks.nix",
        "type": "github"
      }
    },
    "git-hooks_2": {
      "inputs": {
        "flake-compat": "flake-compat_6",
        "gitignore": "gitignore_2",
        "nixpkgs": [
          "nixvim-stable",
          "nixpkgs"
        ],
        "nixpkgs-stable": [
          "nixvim-stable",
          "nixpkgs"
        ]
      },
      "locked": {
        "lastModified": 1721038330,
        "narHash": "sha256-DyIGJ+DEnKeGd346YJCwjmp9hXwiYq8wqGtikgbDqSc=",
        "owner": "cachix",
        "repo": "git-hooks.nix",
        "rev": "622291c026190caf13cb26f5136616b1ff0a07aa",
        "type": "github"
      },
      "original": {
        "owner": "cachix",
        "repo": "git-hooks.nix",
        "type": "github"
      }
    },
    "git-hooks_3": {
      "inputs": {
        "flake-compat": [
          "nixvim-unstable",
          "flake-compat"
        ],
        "gitignore": "gitignore_3",
        "nixpkgs": [
          "nixvim-unstable",
          "nixpkgs"
        ],
        "nixpkgs-stable": [
          "nixvim-unstable",
          "nixpkgs"
        ]
      },
      "locked": {
        "lastModified": 1720524665,
        "narHash": "sha256-ni/87oHPZm6Gv0ECYxr1f6uxB0UKBWJ6HvS7lwLU6oY=",
        "owner": "cachix",
        "repo": "git-hooks.nix",
        "rev": "8d6a17d0cdf411c55f12602624df6368ad86fac1",
        "type": "github"
      },
      "original": {
        "owner": "cachix",
        "repo": "git-hooks.nix",
        "type": "github"
      }
    },
    "gitignore": {
      "inputs": {
        "nixpkgs": [
          "neovim-nightly-overlay",
          "git-hooks",
          "nixpkgs"
        ]
      },
      "locked": {
        "lastModified": 1709087332,
        "narHash": "sha256-HG2cCnktfHsKV0s4XW83gU3F57gaTljL9KNSuG6bnQs=",
        "owner": "hercules-ci",
        "repo": "gitignore.nix",
        "rev": "637db329424fd7e46cf4185293b9cc8c88c95394",
        "type": "github"
      },
      "original": {
        "owner": "hercules-ci",
        "repo": "gitignore.nix",
        "type": "github"
      }
    },
    "gitignore_2": {
      "inputs": {
        "nixpkgs": [
          "nixvim-stable",
          "git-hooks",
          "nixpkgs"
        ]
      },
      "locked": {
        "lastModified": 1709087332,
        "narHash": "sha256-HG2cCnktfHsKV0s4XW83gU3F57gaTljL9KNSuG6bnQs=",
        "owner": "hercules-ci",
        "repo": "gitignore.nix",
        "rev": "637db329424fd7e46cf4185293b9cc8c88c95394",
        "type": "github"
      },
      "original": {
        "owner": "hercules-ci",
        "repo": "gitignore.nix",
        "type": "github"
      }
    },
    "gitignore_3": {
      "inputs": {
        "nixpkgs": [
          "nixvim-unstable",
          "git-hooks",
          "nixpkgs"
        ]
      },
      "locked": {
        "lastModified": 1709087332,
        "narHash": "sha256-HG2cCnktfHsKV0s4XW83gU3F57gaTljL9KNSuG6bnQs=",
        "owner": "hercules-ci",
        "repo": "gitignore.nix",
        "rev": "637db329424fd7e46cf4185293b9cc8c88c95394",
        "type": "github"
      },
      "original": {
        "owner": "hercules-ci",
        "repo": "gitignore.nix",
        "type": "github"
      }
    },
    "helix-editor": {
      "inputs": {
        "crane": "crane",
        "flake-utils": "flake-utils_3",
        "nixpkgs": [
          "nixpkgs"
        ],
        "rust-overlay": "rust-overlay"
      },
      "locked": {
        "lastModified": 1721100689,
        "narHash": "sha256-ALcANRhsPzmY8CNvXWWxI5yc72cH9v6t49N7S+spBqs=",
        "owner": "helix-editor",
        "repo": "helix",
        "rev": "22a051408a467ff8b3e43457961d5497903dc7d0",
        "type": "github"
      },
      "original": {
        "owner": "helix-editor",
        "repo": "helix",
        "type": "github"
      }
    },
    "hercules-ci-effects": {
      "inputs": {
        "flake-parts": "flake-parts_3",
        "nixpkgs": [
          "neovim-nightly-overlay",
          "nixpkgs"
        ]
      },
      "locked": {
        "lastModified": 1719226092,
        "narHash": "sha256-YNkUMcCUCpnULp40g+svYsaH1RbSEj6s4WdZY/SHe38=",
        "owner": "hercules-ci",
        "repo": "hercules-ci-effects",
        "rev": "11e4b8dc112e2f485d7c97e1cee77f9958f498f5",
        "type": "github"
      },
      "original": {
        "owner": "hercules-ci",
        "repo": "hercules-ci-effects",
        "type": "github"
      }
    },
    "home-manager-stable": {
      "inputs": {
        "nixpkgs": [
          "nixpkgs"
        ]
      },
      "locked": {
        "lastModified": 1720042825,
        "narHash": "sha256-A0vrUB6x82/jvf17qPCpxaM+ulJnD8YZwH9Ci0BsAzE=",
        "owner": "nix-community",
        "repo": "home-manager",
        "rev": "e1391fb22e18a36f57e6999c7a9f966dc80ac073",
        "type": "github"
      },
      "original": {
        "owner": "nix-community",
        "ref": "release-24.05",
        "repo": "home-manager",
        "type": "github"
      }
    },
    "home-manager-unstable": {
      "inputs": {
        "nixpkgs": [
          "nixpkgs"
        ]
      },
      "locked": {
        "lastModified": 1720734513,
        "narHash": "sha256-neWQ8eNtLTd+YMesb7WjKl1SVCbDyCm46LUgP/g/hdo=",
        "owner": "nix-community",
        "repo": "home-manager",
        "rev": "90ae324e2c56af10f20549ab72014804a3064c7f",
        "type": "github"
      },
      "original": {
        "owner": "nix-community",
        "repo": "home-manager",
        "type": "github"
      }
    },
    "neovim-nightly-overlay": {
      "inputs": {
        "flake-compat": "flake-compat_2",
        "flake-parts": "flake-parts_2",
        "git-hooks": "git-hooks",
        "hercules-ci-effects": "hercules-ci-effects",
        "neovim-src": "neovim-src",
        "nixpkgs": [
          "nixpkgs"
        ]
      },
      "locked": {
        "lastModified": 1720861673,
        "narHash": "sha256-gh34LtCLvXCd/Xyk33mgQU3QqNyJ7ZwJj59c4Qdad78=",
        "owner": "nix-community",
        "repo": "neovim-nightly-overlay",
        "rev": "34b8101a10dfb4cb38832a17ef33281d59e2b2b3",
        "type": "github"
      },
      "original": {
        "owner": "nix-community",
        "repo": "neovim-nightly-overlay",
        "type": "github"
      }
    },
    "neovim-src": {
      "flake": false,
      "locked": {
        "lastModified": 1720816717,
        "narHash": "sha256-C8bdG2wrI29afHI1705W37M7CPudz5117YafiBlW0Y4=",
        "owner": "neovim",
        "repo": "neovim",
        "rev": "10256bb760fcab0dc25f7eb5b0b45966cb771939",
        "type": "github"
      },
      "original": {
        "owner": "neovim",
        "repo": "neovim",
        "type": "github"
      }
    },
    "nix-darwin": {
      "inputs": {
        "nixpkgs": [
          "nixvim-stable",
          "nixpkgs"
        ]
      },
      "locked": {
        "lastModified": 1720845312,
        "narHash": "sha256-yPhAsJTpyoIPQZJGC8Fw8W2lAXyhLoTn+HP20bmfkfk=",
        "owner": "lnl7",
        "repo": "nix-darwin",
        "rev": "5ce8503cf402cf76b203eba4b7e402bea8e44abc",
        "type": "github"
      },
      "original": {
        "owner": "lnl7",
        "repo": "nix-darwin",
        "type": "github"
      }
    },
    "nix-darwin_2": {
      "inputs": {
        "nixpkgs": [
          "nixvim-unstable",
          "nixpkgs"
        ]
      },
      "locked": {
        "lastModified": 1720845312,
        "narHash": "sha256-yPhAsJTpyoIPQZJGC8Fw8W2lAXyhLoTn+HP20bmfkfk=",
        "owner": "lnl7",
        "repo": "nix-darwin",
        "rev": "5ce8503cf402cf76b203eba4b7e402bea8e44abc",
        "type": "github"
      },
      "original": {
        "owner": "lnl7",
        "repo": "nix-darwin",
        "type": "github"
      }
    },
    "nix-index-database": {
      "inputs": {
        "nixpkgs": [
          "nixpkgs"
        ]
      },
      "locked": {
        "lastModified": 1720926593,
        "narHash": "sha256-fW6e27L6qY6s+TxInwrS2EXZZfhMAlaNqT0sWS49qMA=",
        "owner": "nix-community",
        "repo": "nix-index-database",
        "rev": "5fe5b0cdf1268112dc96319388819b46dc051ef4",
        "type": "github"
      },
      "original": {
        "owner": "nix-community",
        "repo": "nix-index-database",
        "type": "github"
      }
    },
    "nixlib": {
      "locked": {
        "lastModified": 1719708727,
        "narHash": "sha256-XFNKtyirrGNdehpg7lMNm1skEcBApjqGhaHc/OI95HY=",
        "owner": "nix-community",
        "repo": "nixpkgs.lib",
        "rev": "1bba8a624b3b9d4f68db94fb63aaeb46039ce9e6",
        "type": "github"
      },
      "original": {
        "owner": "nix-community",
        "repo": "nixpkgs.lib",
        "type": "github"
      }
    },
    "nixos-generators": {
      "inputs": {
        "nixlib": "nixlib",
        "nixpkgs": [
          "nixpkgs"
        ]
      },
      "locked": {
        "lastModified": 1720859326,
        "narHash": "sha256-i8BiZj5faQS6gsupE0S9xtiyZmWinGpVLwxXWV342aQ=",
        "owner": "nix-community",
        "repo": "nixos-generators",
        "rev": "076ea5b672bb1ea535ee84cfdabd0c2f0b7f20c7",
        "type": "github"
      },
      "original": {
        "owner": "nix-community",
        "repo": "nixos-generators",
        "type": "github"
      }
    },
    "nixos-stable": {
      "locked": {
        "lastModified": 1720954236,
        "narHash": "sha256-1mEKHp4m9brvfQ0rjCca8P1WHpymK3TOr3v34ydv9bs=",
        "owner": "NixOS",
        "repo": "nixpkgs",
        "rev": "53e81e790209e41f0c1efa9ff26ff2fd7ab35e27",
        "type": "github"
      },
      "original": {
        "owner": "NixOS",
        "ref": "nixos-24.05",
        "repo": "nixpkgs",
        "type": "github"
      }
    },
    "nixos-unstable": {
      "locked": {
        "lastModified": 1720957393,
        "narHash": "sha256-oedh2RwpjEa+TNxhg5Je9Ch6d3W1NKi7DbRO1ziHemA=",
        "owner": "NixOS",
        "repo": "nixpkgs",
        "rev": "693bc46d169f5af9c992095736e82c3488bf7dbb",
        "type": "github"
      },
      "original": {
        "owner": "NixOS",
        "ref": "nixos-unstable",
        "repo": "nixpkgs",
        "type": "github"
      }
    },
    "nixos-unstable-small": {
      "locked": {
        "lastModified": 1721041886,
        "narHash": "sha256-++QkbIIyDpJygScgIa/QqjJB4uh2k2zelvFgvY9LFGw=",
        "owner": "NixOS",
        "repo": "nixpkgs",
        "rev": "75686331f0a24b0d04e82db7411777a521f51f4f",
        "type": "github"
      },
      "original": {
        "owner": "NixOS",
        "ref": "nixos-unstable-small",
        "repo": "nixpkgs",
        "type": "github"
      }
    },
    "nixos-wsl": {
      "inputs": {
        "flake-compat": "flake-compat_4",
        "flake-utils": "flake-utils_4",
        "nixpkgs": [
          "nixpkgs"
        ]
      },
      "locked": {
        "lastModified": 1721037029,
        "narHash": "sha256-wuHiinPG5CzCUBr9I51g+IRhP/69Y9gRVh+QnEtFnyI=",
        "owner": "nix-community",
        "repo": "NixOS-WSL",
        "rev": "f6db2d325bdf57d39a3ae43376bdf2a020a6aad2",
        "type": "github"
      },
      "original": {
        "owner": "nix-community",
        "repo": "NixOS-WSL",
        "type": "github"
      }
    },
    "nixpkgs-lib": {
      "locked": {
        "lastModified": 1719876945,
        "narHash": "sha256-Fm2rDDs86sHy0/1jxTOKB1118Q0O3Uc7EC0iXvXKpbI=",
        "type": "tarball",
        "url": "https://github.com/NixOS/nixpkgs/archive/5daf0514482af3f97abaefc78a6606365c9108e2.tar.gz"
      },
      "original": {
        "type": "tarball",
        "url": "https://github.com/NixOS/nixpkgs/archive/5daf0514482af3f97abaefc78a6606365c9108e2.tar.gz"
      }
    },
    "nixpkgs-stable": {
      "locked": {
        "lastModified": 1720954236,
        "narHash": "sha256-1mEKHp4m9brvfQ0rjCca8P1WHpymK3TOr3v34ydv9bs=",
        "owner": "NixOS",
        "repo": "nixpkgs",
        "rev": "53e81e790209e41f0c1efa9ff26ff2fd7ab35e27",
        "type": "github"
      },
      "original": {
        "owner": "NixOS",
        "ref": "nixos-24.05",
        "repo": "nixpkgs",
        "type": "github"
      }
    },
    "nixpkgs-stable_2": {
      "locked": {
        "lastModified": 1720915306,
        "narHash": "sha256-6vuViC56+KSr+945bCV8akHK+7J5k6n/epYg/W3I5eQ=",
        "owner": "NixOS",
        "repo": "nixpkgs",
        "rev": "74348da2f3a312ee25cea09b98cdba4cb9fa5d5d",
        "type": "github"
      },
      "original": {
        "owner": "NixOS",
        "ref": "release-24.05",
        "repo": "nixpkgs",
        "type": "github"
      }
    },
    "nixpkgs-unstable": {
      "locked": {
        "lastModified": 1721016451,
        "narHash": "sha256-Cypl9ORr5UjtBsbjXMTJRepTe362yNVrPrntUvHiTaw=",
        "owner": "NixOS",
        "repo": "nixpkgs",
        "rev": "a14c5d651cee9ed70f9cd9e83f323f1e531002db",
        "type": "github"
      },
      "original": {
        "owner": "NixOS",
        "ref": "nixpkgs-unstable",
        "repo": "nixpkgs",
        "type": "github"
      }
    },
    "nixvim-stable": {
      "inputs": {
        "devshell": "devshell",
        "flake-compat": "flake-compat_5",
        "flake-parts": "flake-parts_4",
        "git-hooks": "git-hooks_2",
        "home-manager": [
          "home-manager-stable"
        ],
        "nix-darwin": "nix-darwin",
        "nixpkgs": [
          "nixos-stable"
        ],
        "treefmt-nix": "treefmt-nix"
      },
      "locked": {
        "lastModified": 1721045803,
        "narHash": "sha256-dQGvOK+t45unF7DTp5bfO37hY0NkDUw6X3MH5CCTEAs=",
        "owner": "nix-community",
        "repo": "nixvim",
        "rev": "eef2f4c6b190d92e296e47e5fe10e7ced65fd959",
        "type": "github"
      },
      "original": {
        "owner": "nix-community",
        "ref": "nixos-24.05",
        "repo": "nixvim",
        "type": "github"
      }
    },
    "nixvim-unstable": {
      "inputs": {
        "devshell": "devshell_2",
        "flake-compat": "flake-compat_7",
        "flake-parts": "flake-parts_5",
        "git-hooks": "git-hooks_3",
        "home-manager": [
          "home-manager-unstable"
        ],
        "nix-darwin": "nix-darwin_2",
        "nixpkgs": [
          "nixos-unstable"
        ],
        "treefmt-nix": "treefmt-nix_2"
      },
      "locked": {
        "lastModified": 1721042250,
        "narHash": "sha256-CEOGzI9WFGezwJ3lok0F//1UEq5crzE2kZDLQK2EtfE=",
        "owner": "nix-community",
        "repo": "nixvim",
        "rev": "b9ed90003273f0a75151b32948e16b44891f403c",
        "type": "github"
      },
      "original": {
        "owner": "nix-community",
        "repo": "nixvim",
        "type": "github"
      }
    },
    "nur": {
      "locked": {
        "lastModified": 1721102667,
        "narHash": "sha256-El85FFgw6N3RWALQU9YrOPeNrf2VfP5CWdXTCCOmcm0=",
        "owner": "nix-community",
        "repo": "NUR",
        "rev": "03283d78f70c9bcba42577a07c21315814aa704b",
        "type": "github"
      },
      "original": {
        "owner": "nix-community",
        "repo": "NUR",
        "type": "github"
      }
    },
    "root": {
      "inputs": {
        "deploy": "deploy",
        "disko": "disko",
        "emacs-overlay": "emacs-overlay",
        "flake-compat-fds": "flake-compat-fds",
        "flake-parts": "flake-parts",
        "flake-utils": "flake-utils_2",
        "helix-editor": "helix-editor",
        "home-manager": [
          "home-manager-unstable"
        ],
        "home-manager-stable": "home-manager-stable",
        "home-manager-unstable": "home-manager-unstable",
        "neovim-nightly-overlay": "neovim-nightly-overlay",
        "nix-index-database": "nix-index-database",
        "nixos-generators": "nixos-generators",
        "nixos-stable": "nixos-stable",
        "nixos-unstable": "nixos-unstable",
        "nixos-unstable-small": "nixos-unstable-small",
        "nixos-wsl": "nixos-wsl",
        "nixpkgs": [
          "nixos-unstable"
        ],
        "nixpkgs-unstable": "nixpkgs-unstable",
        "nixvim": [
          "nixvim-unstable"
        ],
        "nixvim-stable": "nixvim-stable",
        "nixvim-unstable": "nixvim-unstable",
        "nur": "nur",
        "sops-nix": "sops-nix"
      }
    },
    "rust-overlay": {
      "inputs": {
        "flake-utils": [
          "helix-editor",
          "flake-utils"
        ],
        "nixpkgs": [
          "helix-editor",
          "nixpkgs"
        ]
      },
      "locked": {
        "lastModified": 1709604635,
        "narHash": "sha256-le4fwmWmjGRYWwkho0Gr7mnnZndOOe4XGbLw68OvF40=",
        "owner": "oxalica",
        "repo": "rust-overlay",
        "rev": "e86c0fb5d3a22a5f30d7f64ecad88643fe26449d",
        "type": "github"
      },
      "original": {
        "owner": "oxalica",
        "repo": "rust-overlay",
        "type": "github"
      }
    },
    "sops-nix": {
      "inputs": {
        "nixpkgs": [
          "nixpkgs"
        ],
        "nixpkgs-stable": "nixpkgs-stable_2"
      },
      "locked": {
        "lastModified": 1720926522,
        "narHash": "sha256-eTpnrT6yu1vp8C0B5fxHXhgKxHoYMoYTEikQx///jxY=",
        "owner": "Mic92",
        "repo": "sops-nix",
        "rev": "0703ba03fd9c1665f8ab68cc3487302475164617",
        "type": "github"
      },
      "original": {
        "owner": "Mic92",
        "repo": "sops-nix",
        "type": "github"
      }
    },
    "systems": {
      "locked": {
        "lastModified": 1681028828,
        "narHash": "sha256-Vy1rq5AaRuLzOxct8nz4T6wlgyUR7zLU309k9mBC768=",
        "owner": "nix-systems",
        "repo": "default",
        "rev": "da67096a3b9bf56a91d16901293e51ba5b49a27e",
        "type": "github"
      },
      "original": {
        "owner": "nix-systems",
        "repo": "default",
        "type": "github"
      }
    },
    "systems_2": {
      "locked": {
        "lastModified": 1681028828,
        "narHash": "sha256-Vy1rq5AaRuLzOxct8nz4T6wlgyUR7zLU309k9mBC768=",
        "owner": "nix-systems",
        "repo": "default",
        "rev": "da67096a3b9bf56a91d16901293e51ba5b49a27e",
        "type": "github"
      },
      "original": {
        "owner": "nix-systems",
        "repo": "default",
        "type": "github"
      }
    },
    "systems_3": {
      "locked": {
        "lastModified": 1681028828,
        "narHash": "sha256-Vy1rq5AaRuLzOxct8nz4T6wlgyUR7zLU309k9mBC768=",
        "owner": "nix-systems",
        "repo": "default",
        "rev": "da67096a3b9bf56a91d16901293e51ba5b49a27e",
        "type": "github"
      },
      "original": {
        "owner": "nix-systems",
        "repo": "default",
        "type": "github"
      }
    },
    "systems_4": {
      "locked": {
        "lastModified": 1681028828,
        "narHash": "sha256-Vy1rq5AaRuLzOxct8nz4T6wlgyUR7zLU309k9mBC768=",
        "owner": "nix-systems",
        "repo": "default",
        "rev": "da67096a3b9bf56a91d16901293e51ba5b49a27e",
        "type": "github"
      },
      "original": {
        "owner": "nix-systems",
        "repo": "default",
        "type": "github"
      }
    },
    "systems_5": {
      "locked": {
        "lastModified": 1681028828,
        "narHash": "sha256-Vy1rq5AaRuLzOxct8nz4T6wlgyUR7zLU309k9mBC768=",
        "owner": "nix-systems",
        "repo": "default",
        "rev": "da67096a3b9bf56a91d16901293e51ba5b49a27e",
        "type": "github"
      },
      "original": {
        "owner": "nix-systems",
        "repo": "default",
        "type": "github"
      }
    },
    "systems_6": {
      "locked": {
        "lastModified": 1681028828,
        "narHash": "sha256-Vy1rq5AaRuLzOxct8nz4T6wlgyUR7zLU309k9mBC768=",
        "owner": "nix-systems",
        "repo": "default",
        "rev": "da67096a3b9bf56a91d16901293e51ba5b49a27e",
        "type": "github"
      },
      "original": {
        "owner": "nix-systems",
        "repo": "default",
        "type": "github"
      }
    },
    "systems_7": {
      "locked": {
        "lastModified": 1681028828,
        "narHash": "sha256-Vy1rq5AaRuLzOxct8nz4T6wlgyUR7zLU309k9mBC768=",
        "owner": "nix-systems",
        "repo": "default",
        "rev": "da67096a3b9bf56a91d16901293e51ba5b49a27e",
        "type": "github"
      },
      "original": {
        "owner": "nix-systems",
        "repo": "default",
        "type": "github"
      }
    },
    "treefmt-nix": {
      "inputs": {
        "nixpkgs": [
          "nixvim-stable",
          "nixpkgs"
        ]
      },
      "locked": {
        "lastModified": 1720930114,
        "narHash": "sha256-VZK73b5hG5bSeAn97TTcnPjXUXtV7j/AtS4KN8ggCS0=",
        "owner": "numtide",
        "repo": "treefmt-nix",
        "rev": "b92afa1501ac73f1d745526adc4f89b527595f14",
        "type": "github"
      },
      "original": {
        "owner": "numtide",
        "repo": "treefmt-nix",
        "type": "github"
      }
    },
    "treefmt-nix_2": {
      "inputs": {
        "nixpkgs": [
          "nixvim-unstable",
          "nixpkgs"
        ]
      },
      "locked": {
        "lastModified": 1720818892,
        "narHash": "sha256-f52x9srIcqQm1Df3T+xYR5P6VfdnDFa2vkkcLhlTp6U=",
        "owner": "numtide",
        "repo": "treefmt-nix",
        "rev": "5b002f8a53ed04c1a4177e7b00809d57bd2c696f",
        "type": "github"
      },
      "original": {
        "owner": "numtide",
        "repo": "treefmt-nix",
        "type": "github"
      }
    },
    "utils": {
      "inputs": {
        "systems": "systems"
      },
      "locked": {
        "lastModified": 1701680307,
        "narHash": "sha256-kAuep2h5ajznlPMD9rnQyffWG8EM/C73lejGofXvdM8=",
        "owner": "numtide",
        "repo": "flake-utils",
        "rev": "4022d587cbbfd70fe950c1e2083a02621806a725",
        "type": "github"
      },
      "original": {
        "owner": "numtide",
        "repo": "flake-utils",
        "type": "github"
      }
    }
  },
  "root": "root",
  "version": 7
}
