{
  "nodes": {
    "agenix": {
      "inputs": {
        "nixpkgs": [
          "nixpkgs"
        ]
      },
      "locked": {
        "lastModified": 1652712410,
        "narHash": "sha256-hMJ2TqLt0DleEnQFGUHK9sV2aAzJPU8pZeiZoqRozbE=",
        "owner": "ryantm",
        "repo": "agenix",
        "rev": "7e5e58b98c3dcbf497543ff6f22591552ebfe65b",
        "type": "github"
      },
      "original": {
        "owner": "ryantm",
        "repo": "agenix",
        "type": "github"
      }
    },
    "base16-schemes": {
      "flake": false,
      "locked": {
        "lastModified": 1654895891,
        "narHash": "sha256-xYYmZkHnyLCUBAkqkZ7v1Lc5m39857MukQLMRtGuvdk=",
        "owner": "base16-project",
        "repo": "base16-schemes",
        "rev": "7c247f734eac7f04518c6e28d098635ee8dcabf5",
        "type": "github"
      },
      "original": {
        "owner": "base16-project",
        "repo": "base16-schemes",
        "type": "github"
      }
    },
    "devshell": {
      "inputs": {
        "flake-utils": "flake-utils",
        "nixpkgs": "nixpkgs"
      },
      "locked": {
        "lastModified": 1655976588,
        "narHash": "sha256-VreHyH6ITkf/1EX/8h15UqhddJnUleb0HgbC3gMkAEQ=",
        "owner": "numtide",
        "repo": "devshell",
        "rev": "899ca4629020592a13a46783587f6e674179d1db",
        "type": "github"
      },
      "original": {
        "owner": "numtide",
        "repo": "devshell",
        "type": "github"
      }
    },
    "emacs-overlay": {
      "inputs": {
        "flake-utils": "flake-utils_2",
        "nixpkgs": "nixpkgs_2"
      },
      "locked": {
        "lastModified": 1656613796,
        "narHash": "sha256-oQn4KFUjapGOK1ncsUD/SdArRIiX9hWRJIrj4n7+23E=",
        "owner": "nix-community",
        "repo": "emacs-overlay",
        "rev": "3f21945eac3ef08d7f3fd329dbe3954fe52f3d10",
        "type": "github"
      },
      "original": {
        "owner": "nix-community",
        "repo": "emacs-overlay",
        "type": "github"
      }
    },
    "flake-compat": {
      "flake": false,
      "locked": {
        "lastModified": 1650374568,
        "narHash": "sha256-Z+s0J8/r907g149rllvwhb4pKi8Wam5ij0st8PwAh+E=",
        "owner": "edolstra",
        "repo": "flake-compat",
        "rev": "b4a34015c698c7793d592d66adbab377907a2be8",
        "type": "github"
      },
      "original": {
        "owner": "edolstra",
        "repo": "flake-compat",
        "type": "github"
      }
    },
    "flake-utils": {
      "locked": {
        "lastModified": 1642700792,
        "narHash": "sha256-XqHrk7hFb+zBvRg6Ghl+AZDq03ov6OshJLiSWOoX5es=",
        "owner": "numtide",
        "repo": "flake-utils",
        "rev": "846b2ae0fc4cc943637d3d1def4454213e203cba",
        "type": "github"
      },
      "original": {
        "owner": "numtide",
        "repo": "flake-utils",
        "type": "github"
      }
    },
    "flake-utils_2": {
      "locked": {
        "lastModified": 1656065134,
        "narHash": "sha256-oc6E6ByIw3oJaIyc67maaFcnjYOz1mMcOtHxbEf9NwQ=",
        "owner": "numtide",
        "repo": "flake-utils",
        "rev": "bee6a7250dd1b01844a2de7e02e4df7d8a0a206c",
        "type": "github"
      },
      "original": {
        "owner": "numtide",
        "repo": "flake-utils",
        "type": "github"
      }
    },
    "flake-utils_3": {
      "locked": {
        "lastModified": 1656065134,
        "narHash": "sha256-oc6E6ByIw3oJaIyc67maaFcnjYOz1mMcOtHxbEf9NwQ=",
        "owner": "numtide",
        "repo": "flake-utils",
        "rev": "bee6a7250dd1b01844a2de7e02e4df7d8a0a206c",
        "type": "github"
      },
      "original": {
        "owner": "numtide",
        "repo": "flake-utils",
        "type": "github"
      }
    },
    "flake-utils_4": {
      "locked": {
        "lastModified": 1644229661,
        "narHash": "sha256-1YdnJAsNy69bpcjuoKdOYQX0YxZBiCYZo4Twxerqv7k=",
        "owner": "numtide",
        "repo": "flake-utils",
        "rev": "3cecb5b042f7f209c56ffd8371b2711a290ec797",
        "type": "github"
      },
      "original": {
        "owner": "numtide",
        "repo": "flake-utils",
        "type": "github"
      }
    },
    "flake-utils_5": {
      "locked": {
        "lastModified": 1653893745,
        "narHash": "sha256-0jntwV3Z8//YwuOjzhV2sgJJPt+HY6KhU7VZUL0fKZQ=",
        "owner": "numtide",
        "repo": "flake-utils",
        "rev": "1ed9fb1935d260de5fe1c2f7ee0ebaae17ed2fa1",
        "type": "github"
      },
      "original": {
        "owner": "numtide",
        "repo": "flake-utils",
        "type": "github"
      }
    },
    "flake-utils_6": {
      "locked": {
        "lastModified": 1656065134,
        "narHash": "sha256-oc6E6ByIw3oJaIyc67maaFcnjYOz1mMcOtHxbEf9NwQ=",
        "owner": "numtide",
        "repo": "flake-utils",
        "rev": "bee6a7250dd1b01844a2de7e02e4df7d8a0a206c",
        "type": "github"
      },
      "original": {
        "owner": "numtide",
        "repo": "flake-utils",
        "type": "github"
      }
    },
    "guix-overlay": {
      "inputs": {
        "nixpkgs": [
          "nixpkgs"
        ]
      },
      "locked": {
        "lastModified": 1648273450,
        "narHash": "sha256-4IZBhrutNzUIZni0FWuOmshXA4JPcf4+kQHO0iVNppw=",
        "owner": "foo-dogsquared",
        "repo": "nix-overlay-guix",
        "rev": "efa203a2ba1bfac171ccb2be4248b67a029729cd",
        "type": "github"
      },
      "original": {
        "owner": "foo-dogsquared",
        "repo": "nix-overlay-guix",
        "type": "github"
      }
    },
    "home-manager": {
      "inputs": {
        "nixpkgs": [
          "nixpkgs"
        ],
        "utils": "utils"
      },
      "locked": {
        "lastModified": 1656367977,
        "narHash": "sha256-0hV17V9Up9pnAtPJ+787FhrsPnawxoTPA/VxgjRMrjc=",
        "owner": "nix-community",
        "repo": "home-manager",
        "rev": "3bf16c0fd141c28312be52945d1543f9ce557bb1",
        "type": "github"
      },
      "original": {
        "owner": "nix-community",
        "repo": "home-manager",
        "type": "github"
      }
    },
    "neovim-flake": {
      "inputs": {
        "flake-utils": "flake-utils_4",
        "nixpkgs": [
          "neovim-nightly-overlay",
          "nixpkgs"
        ]
      },
      "locked": {
        "dir": "contrib",
        "lastModified": 1656521629,
        "narHash": "sha256-U+y79drJlCJymPwlYbNtNSqPR3aPyb36bhd7+gVT220=",
        "owner": "neovim",
        "repo": "neovim",
        "rev": "6f6286e4f90da25a7d1b6bcc96b79b0ccbaf5c26",
        "type": "github"
      },
      "original": {
        "dir": "contrib",
        "owner": "neovim",
        "repo": "neovim",
        "type": "github"
      }
    },
    "neovim-nightly-overlay": {
      "inputs": {
        "flake-compat": "flake-compat",
        "neovim-flake": "neovim-flake",
        "nixpkgs": "nixpkgs_3"
      },
      "locked": {
        "lastModified": 1656577069,
        "narHash": "sha256-rd5Z34t9ZnAWu/6dfcTImCJGIvYCkOxYWGvSDxPZV7o=",
        "owner": "nix-community",
        "repo": "neovim-nightly-overlay",
        "rev": "07ffc512ce0c8581da47dc4a35057ecbdaef6216",
        "type": "github"
      },
      "original": {
        "owner": "nix-community",
        "repo": "neovim-nightly-overlay",
        "type": "github"
      }
    },
    "nix-alien": {
      "inputs": {
        "flake-utils": "flake-utils_5",
        "nixpkgs": [
          "nixpkgs"
        ],
        "poetry2nix": "poetry2nix"
      },
      "locked": {
        "lastModified": 1655280191,
        "narHash": "sha256-OEgjk89Hr2/yNH+iPeFRi+X5dy+bZxhULVknqaBCcOg=",
        "owner": "thiagokokada",
        "repo": "nix-alien",
        "rev": "ccf910e15a6dc5a41f8e714f9c35996aeb688760",
        "type": "github"
      },
      "original": {
        "owner": "thiagokokada",
        "repo": "nix-alien",
        "type": "github"
      }
    },
    "nix-colors": {
      "inputs": {
        "base16-schemes": "base16-schemes"
      },
      "locked": {
        "lastModified": 1655899409,
        "narHash": "sha256-2ekavfmPv13jN/uvF1k79gMzv4ttSWLQ2FtgVRTZ2Vw=",
        "owner": "misterio77",
        "repo": "nix-colors",
        "rev": "308fe8855ee4c35347baeaf182453396abdbe8df",
        "type": "github"
      },
      "original": {
        "owner": "misterio77",
        "repo": "nix-colors",
        "type": "github"
      }
    },
    "nix-ld": {
      "inputs": {
        "nixpkgs": [
          "nixpkgs"
        ],
        "utils": "utils_2"
      },
      "locked": {
        "lastModified": 1652641841,
        "narHash": "sha256-TTBz20XR2vmvOSDu8hXcbHbOEI0t/IWq8vZuRKyep1E=",
        "owner": "Mic92",
        "repo": "nix-ld",
        "rev": "c25cc4b5ec65f03c2bb96f927ae724a59c51d7ee",
        "type": "github"
      },
      "original": {
        "owner": "Mic92",
        "repo": "nix-ld",
        "type": "github"
      }
    },
    "nixlib": {
      "locked": {
        "lastModified": 1636849918,
        "narHash": "sha256-nzUK6dPcTmNVrgTAC1EOybSMsrcx+QrVPyqRdyKLkjA=",
        "owner": "nix-community",
        "repo": "nixpkgs.lib",
        "rev": "28a5b0557f14124608db68d3ee1f77e9329e9dd5",
        "type": "github"
      },
      "original": {
        "owner": "nix-community",
        "repo": "nixpkgs.lib",
        "type": "github"
      }
    },
    "nixos-generators": {
      "inputs": {
        "nixlib": "nixlib",
        "nixpkgs": [
          "nixpkgs"
        ]
      },
      "locked": {
        "lastModified": 1655901362,
        "narHash": "sha256-1cPiO869Dr3hqn1qhqd6amvw5U0PB7XDSdwMsIMWNiQ=",
        "owner": "nix-community",
        "repo": "nixos-generators",
        "rev": "898edde476232843da50c9a855efaf5dd8caadaa",
        "type": "github"
      },
      "original": {
        "owner": "nix-community",
        "repo": "nixos-generators",
        "type": "github"
      }
    },
    "nixpkgs": {
      "locked": {
        "lastModified": 1643381941,
        "narHash": "sha256-pHTwvnN4tTsEKkWlXQ8JMY423epos8wUOhthpwJjtpc=",
        "owner": "NixOS",
        "repo": "nixpkgs",
        "rev": "5efc8ca954272c4376ac929f4c5ffefcc20551d5",
        "type": "github"
      },
      "original": {
        "owner": "NixOS",
        "ref": "nixpkgs-unstable",
        "repo": "nixpkgs",
        "type": "github"
      }
    },
    "nixpkgs_2": {
      "locked": {
        "lastModified": 0,
        "narHash": "sha256-Cc5hQSMsTzOHmZnYm8OSJ5RNUp22bd5NADWLHorULWQ=",
        "path": "/nix/store/hcsl8zxvg8jnncid40xnm3drlvdcqd4c-source",
        "type": "path"
      },
      "original": {
        "id": "nixpkgs",
        "type": "indirect"
      }
    },
    "nixpkgs_3": {
      "locked": {
        "lastModified": 1656461576,
        "narHash": "sha256-rlmmw6lIlkMQIiB+NsnO8wQYWTfle8TA41UREPLP5VY=",
        "owner": "nixos",
        "repo": "nixpkgs",
        "rev": "cf3ab54b4afe2b7477faa1dd0b65bf74c055d70c",
        "type": "github"
      },
      "original": {
        "owner": "nixos",
        "ref": "nixos-unstable",
        "repo": "nixpkgs",
        "type": "github"
      }
    },
    "nixpkgs_4": {
      "locked": {
        "lastModified": 1656401090,
        "narHash": "sha256-bUS2nfQsvTQW2z8SK7oEFSElbmoBahOPtbXPm0AL3I4=",
        "owner": "NixOS",
        "repo": "nixpkgs",
        "rev": "16de63fcc54e88b9a106a603038dd5dd2feb21eb",
        "type": "github"
      },
      "original": {
        "owner": "NixOS",
        "ref": "nixpkgs-unstable",
        "repo": "nixpkgs",
        "type": "github"
      }
    },
    "nur": {
      "locked": {
        "lastModified": 1656611551,
        "narHash": "sha256-S1GkwCgMimVVU1nrwezTkoOqsoiXvvK1+pu4zplsqwo=",
        "owner": "nix-community",
        "repo": "NUR",
        "rev": "b58e819d423cc525475b43bd06cf5f999feb5325",
        "type": "github"
      },
      "original": {
        "owner": "nix-community",
        "repo": "NUR",
        "type": "github"
      }
    },
    "poetry2nix": {
      "inputs": {
        "flake-utils": [
          "nix-alien",
          "flake-utils"
        ],
        "nixpkgs": [
          "nix-alien",
          "nixpkgs"
        ]
      },
      "locked": {
        "lastModified": 1655106322,
        "narHash": "sha256-X7oWgty5uKYYTg7n6gut/lShi1X5QxiOfLQNHyJ5LaM=",
        "owner": "nix-community",
        "repo": "poetry2nix",
        "rev": "347ccb4ce58e7af1ece3f9743019263c4aede7b8",
        "type": "github"
      },
      "original": {
        "owner": "nix-community",
        "repo": "poetry2nix",
        "type": "github"
      }
    },
    "root": {
      "inputs": {
        "agenix": "agenix",
        "devshell": "devshell",
        "emacs-overlay": "emacs-overlay",
        "flake-utils": "flake-utils_3",
        "guix-overlay": "guix-overlay",
        "home-manager": "home-manager",
        "neovim-nightly-overlay": "neovim-nightly-overlay",
        "nix-alien": "nix-alien",
        "nix-colors": "nix-colors",
        "nix-ld": "nix-ld",
        "nixos-generators": "nixos-generators",
        "nixpkgs": "nixpkgs_4",
        "nur": "nur",
        "rust-overlay": "rust-overlay"
      }
    },
    "rust-overlay": {
      "inputs": {
        "flake-utils": "flake-utils_6",
        "nixpkgs": [
          "nixpkgs"
        ]
      },
      "locked": {
        "lastModified": 1656567145,
        "narHash": "sha256-2xlv+g7kIb3f+1QdHlqpHPFfFw4myXUCC+cWk+6C4aE=",
        "owner": "oxalica",
        "repo": "rust-overlay",
        "rev": "3e95d6696b51f88b3ebfc7a21aefaeeb70a245bd",
        "type": "github"
      },
      "original": {
        "owner": "oxalica",
        "repo": "rust-overlay",
        "type": "github"
      }
    },
    "utils": {
      "locked": {
        "lastModified": 1653893745,
        "narHash": "sha256-0jntwV3Z8//YwuOjzhV2sgJJPt+HY6KhU7VZUL0fKZQ=",
        "owner": "numtide",
        "repo": "flake-utils",
        "rev": "1ed9fb1935d260de5fe1c2f7ee0ebaae17ed2fa1",
        "type": "github"
      },
      "original": {
        "owner": "numtide",
        "repo": "flake-utils",
        "type": "github"
      }
    },
    "utils_2": {
      "locked": {
        "lastModified": 1652372896,
        "narHash": "sha256-lURGussfF3mGrFPQT3zgW7+RC0pBhbHzco0C7I+ilow=",
        "owner": "numtide",
        "repo": "flake-utils",
        "rev": "0d347c56f6f41de822a4f4c7ff5072f3382db121",
        "type": "github"
      },
      "original": {
        "owner": "numtide",
        "repo": "flake-utils",
        "type": "github"
      }
    }
  },
  "root": "root",
  "version": 7
}
