github.com/Templarian/MaterialDesign v0.0.0-20240619144146-ce55b68ba730 h1:x7myofnw5/5o02a3XMH0IKqGF1uTVdP7TSxEPiX3zKE=
github.com/Templarian/MaterialDesign v0.0.0-20240619144146-ce55b68ba730/go.mod h1:ERpxhfm8YCuNFFEBv+hLM4M4VOrfV5g/mpVMNEfj0MQ=
github.com/foo-dogsquared/hugo-mod-simple-icons v0.0.0-20240829051824-890465b5b17e h1:h4Abw0MZnXP2hFavjEEcXY+lCPJtNejp6CXntXwW8fA=
github.com/foo-dogsquared/hugo-mod-simple-icons v0.0.0-20240829051824-890465b5b17e/go.mod h1:rcVWEdpC9uuXK5ydiewUfaEcoKIZv+l91hphiKrxVq4=
github.com/simple-icons/simple-icons v0.0.0-20240828075807-7197fd28e247 h1:eKjM/xegyBg3XIb+p55bnnB6bD32e0GbCA/1/9vq8aY=
github.com/simple-icons/simple-icons v0.0.0-20240828075807-7197fd28e247/go.mod h1:oOgUUt8yVYOso/wEBi2ojfZP2MU/xxiNccIpaE+jCvE=
