github.com/foo-dogsquared/hugo-mod-simple-icons v0.0.0-20241028022226-7f7e0be42a95 h1:knvsLW0kTmLxZ7tCKAQgK9M6e8ggjU6NPcmP3HOFKHc=
github.com/foo-dogsquared/hugo-mod-simple-icons v0.0.0-20241028022226-7f7e0be42a95/go.mod h1:R9tJ1WSUnZf0R12SAmI9I/x9IQQbwPGek2FQyGJOC0g=
github.com/foo-dogsquared/hugo-theme-more-contentful v0.7.1 h1:5Mu2OBMVHHp1nytCUUFz9EEQ3gTQCBUHsovzaQssnmc=
github.com/foo-dogsquared/hugo-theme-more-contentful v0.7.1/go.mod h1:HV3pnAPBJNG6k9bo10wDOkl6rYFib+um2IURlRIlXkg=
github.com/foo-dogsquared/website v0.0.0-20241027012131-6349510adc3c h1:W8U63X6JQh434eT+G3WtfXJQ2Lpl1t0jGLTkNKAVkVI=
github.com/foo-dogsquared/website v0.0.0-20241027012131-6349510adc3c/go.mod h1:AkVVnWQg95UIzQEN7OuMgupRG6Mi2gAsxuaK81/DyUc=
github.com/refactoringui/heroicons v2.1.5+incompatible h1:XzZpX6BwR5eYel3Owrw6u0e11/pj1FTXA3MSiN3OOvE=
github.com/refactoringui/heroicons v2.1.5+incompatible/go.mod h1:82HsLWQga7MkEl5aK8TctxPPIBlXrsyWcVTB57uipuk=
github.com/simple-icons/simple-icons v0.0.0-20241027003233-9d720b26a17d h1:hkrcJOSlWIPEaFLPeE82iyslQkhnyH4aheEtIushCQg=
github.com/simple-icons/simple-icons v0.0.0-20241027003233-9d720b26a17d/go.mod h1:oOgUUt8yVYOso/wEBi2ojfZP2MU/xxiNccIpaE+jCvE=
