github.com/foo-dogsquared/hugo-mod-simple-icons v0.0.0-20231025231637-36998f86bbf2/go.mod h1:8HnVc0SlzI7LCEU4sITYS5MQTq0Bct/nFr/7LdsHYVQ=
github.com/foo-dogsquared/hugo-mod-web-feeds v0.0.3-0.20220613123653-e0bc8e58159d/go.mod h1:V7UXom6wuFrWj1lBUCXQA3HguwfDhQA+tQNxyRxdClk=
github.com/foo-dogsquared/hugo-theme-contentful v1.2.1-0.20220513103455-d83c3f8c6954/go.mod h1:BL7L5CENEhUx+miRRaOZ9SVC92j9MAMztirBWtTpiPc=
github.com/foo-dogsquared/hugo-theme-more-contentful v0.7.1-0.20231028090155-ee19cd7714b4/go.mod h1:RgD3YpinFJyZhtn0iVLNs8eRa0nSs2VA+o1jBpe4zBs=
github.com/foo-dogsquared/hugo-theme-more-contentful v0.7.1-0.20240518105144-dd35649b15e2 h1:BvkVSiI6jXUhUyuRnBY6gSnmb2Th/7FaEwBStbw36Qk=
github.com/foo-dogsquared/hugo-theme-more-contentful v0.7.1-0.20240518105144-dd35649b15e2/go.mod h1:RgD3YpinFJyZhtn0iVLNs8eRa0nSs2VA+o1jBpe4zBs=
github.com/foo-dogsquared/website v0.0.0-20240609010936-d1a9857559b8 h1:a7HWbiHMkcgz6T2lpm4gXHFTljuQ66uHH6YyZdZqeKA=
github.com/foo-dogsquared/website v0.0.0-20240609010936-d1a9857559b8/go.mod h1:zJw9MC6Ajnx5Bom/52LR9Xib40toK9d2tG9FeVqJN3U=
github.com/refactoringui/heroicons v2.0.18+incompatible/go.mod h1:82HsLWQga7MkEl5aK8TctxPPIBlXrsyWcVTB57uipuk=
github.com/simple-icons/simple-icons v0.0.0-20231022005333-fdbaaa2d5f99/go.mod h1:oOgUUt8yVYOso/wEBi2ojfZP2MU/xxiNccIpaE+jCvE=
